
Microsoft Visual Studio Solution File, Format Version 12.00
Project("{FAE04EC0-301F-11D3-BF4B-00C04F79EFBC}") = "CorporateApp.Infrastructure", "CorporateApp.Infrastructure\CorporateApp.Infrastructure.csproj", "{88BB1256-5C73-44DE-8CAE-5310A2380657}"
EndProject
Project("{2150E333-8FDC-42A3-9474-1A3956D46DE8}") = "Domain", "Domain", "{E0DC87F7-0E57-4671-ADBB-8968228DFA57}"
EndProject
Project("{2150E333-8FDC-42A3-9474-1A3956D46DE8}") = "Frontend", "Frontend", "{48A1364D-1F78-4995-A20D-BDA109D7688A}"
EndProject
Project("{2150E333-8FDC-42A3-9474-1A3956D46DE8}") = "Backend", "Backend", "{AAE12DAE-9BEC-4B34-96D8-A2A8E2BB90B6}"
EndProject
Project("{FAE04EC0-301F-11D3-BF4B-00C04F79EFBC}") = "CorporateApp.BLL", "CorporateApp.BLL\CorporateApp.BLL.csproj", "{4C93AFCD-27E0-45B8-A9AB-A3310F1A403E}"
EndProject
Project("{FAE04EC0-301F-11D3-BF4B-00C04F79EFBC}") = "CorporateApp.DLL", "CorporateApp.DLL\CorporateApp.DLL.csproj", "{5088FF24-08AD-4298-84A0-44EC3500814A}"
EndProject
Project("{FAE04EC0-301F-11D3-BF4B-00C04F79EFBC}") = "CorporateApp.Domain", "CorporateApp.Domain\CorporateApp.Domain.csproj", "{70C132B1-49C8-4C84-AAB4-6C7922675AC4}"
EndProject
Project("{FAE04EC0-301F-11D3-BF4B-00C04F79EFBC}") = "CorporateApp.Website", "CorporateApp.Website\CorporateApp.Website.csproj", "{3AB257A5-BBCC-42F5-A611-FE3C022425BD}"
EndProject
Project("{FAE04EC0-301F-11D3-BF4B-00C04F79EFBC}") = "CorporateApp.Desktop", "CorporateApp.Desktop\CorporateApp.Desktop.csproj", "{B86CF980-EDFB-47A6-99F1-3324417F80D3}"
EndProject
Project("{FAE04EC0-301F-11D3-BF4B-00C04F79EFBC}") = "CorporateApp.Boards", "CorporateApp.Boards\CorporateApp.Boards.csproj", "{EDEA8EEF-D4F4-414D-B624-8C54F7DB416C}"
EndProject
Project("{FAE04EC0-301F-11D3-BF4B-00C04F79EFBC}") = "CorporateApp.Tasks", "CorporateApp.Tasks\CorporateApp.Tasks.csproj", "{CC45FF71-2E97-4C36-BBE1-4BE7C2E1AE95}"
EndProject
Project("{FAE04EC0-301F-11D3-BF4B-00C04F79EFBC}") = "CorporateApp.Identity", "CorporateApp.Identity\CorporateApp.Identity.csproj", "{EB372EBC-D6E4-4DB3-9CCF-56A0E54C1044}"
EndProject
Project("{FAE04EC0-301F-11D3-BF4B-00C04F79EFBC}") = "CorporateApp.Email", "CorporateApp.Email\CorporateApp.Email.csproj", "{2EF0B107-B9C7-4230-9DEF-B58DDD85C9B1}"
EndProject
Project("{FAE04EC0-301F-11D3-BF4B-00C04F79EFBC}") = "CorporateApp.Finance", "CorporateApp.Finance\CorporateApp.Finance.csproj", "{BF494AF0-CA13-4099-AC31-0D2629D8FD61}"
EndProject
Project("{FAE04EC0-301F-11D3-BF4B-00C04F79EFBC}") = "CorporateApp.Personal", "CorporateApp.Personal\CorporateApp.Personal.csproj", "{D8B6D71A-DEBF-474E-83F6-BCED9CF883A3}"
EndProject
Project("{FAE04EC0-301F-11D3-BF4B-00C04F79EFBC}") = "CorporateApp.Operations", "CorporateApp.Operations\CorporateApp.Operations.csproj", "{A9253180-817C-436A-9BBE-904BF42C76A1}"
EndProject
Project("{2150E333-8FDC-42A3-9474-1A3956D46DE8}") = "Services", "Services", "{6D65F224-3AFD-482C-95CA-3881A835CB46}"
EndProject
Project("{2150E333-8FDC-42A3-9474-1A3956D46DE8}") = "TaskManagment", "TaskManagment", "{80B5AE13-B3F9-47BD-8A40-B96DB0C3EA53}"
EndProject
Project("{2150E333-8FDC-42A3-9474-1A3956D46DE8}") = "ERP", "ERP", "{92731206-B63D-413D-B22B-C60179A3CAFB}"
EndProject
Project("{2150E333-8FDC-42A3-9474-1A3956D46DE8}") = "CRM", "CRM", "{3AE2ACA0-5330-45F6-9687-BF7E025D2195}"
EndProject
Project("{FAE04EC0-301F-11D3-BF4B-00C04F79EFBC}") = "CorporateApp.Events", "CorporateApp.Events\CorporateApp.Events.csproj", "{D5E23A23-8918-4865-81DE-A811AE81FE69}"
EndProject
Project("{FAE04EC0-301F-11D3-BF4B-00C04F79EFBC}") = "CorporateApp.Resources", "CorporateApp.Resources\CorporateApp.Resources.csproj", "{D4A30A04-19E9-4BD1-8A71-6D784C42BD83}"
EndProject
Project("{2150E333-8FDC-42A3-9474-1A3956D46DE8}") = "gRPC", "gRPC", "{69E5EECF-C68D-47E4-9DCF-311F90DD8621}"
EndProject
Global
	GlobalSection(SolutionConfigurationPlatforms) = preSolution
		Debug|Any CPU = Debug|Any CPU
		Release|Any CPU = Release|Any CPU
	EndGlobalSection
	GlobalSection(ProjectConfigurationPlatforms) = postSolution
		{88BB1256-5C73-44DE-8CAE-5310A2380657}.Debug|Any CPU.ActiveCfg = Debug|Any CPU
		{88BB1256-5C73-44DE-8CAE-5310A2380657}.Debug|Any CPU.Build.0 = Debug|Any CPU
		{88BB1256-5C73-44DE-8CAE-5310A2380657}.Release|Any CPU.ActiveCfg = Release|Any CPU
		{88BB1256-5C73-44DE-8CAE-5310A2380657}.Release|Any CPU.Build.0 = Release|Any CPU
		{4C93AFCD-27E0-45B8-A9AB-A3310F1A403E}.Debug|Any CPU.ActiveCfg = Debug|Any CPU
		{4C93AFCD-27E0-45B8-A9AB-A3310F1A403E}.Debug|Any CPU.Build.0 = Debug|Any CPU
		{4C93AFCD-27E0-45B8-A9AB-A3310F1A403E}.Release|Any CPU.ActiveCfg = Release|Any CPU
		{4C93AFCD-27E0-45B8-A9AB-A3310F1A403E}.Release|Any CPU.Build.0 = Release|Any CPU
		{5088FF24-08AD-4298-84A0-44EC3500814A}.Debug|Any CPU.ActiveCfg = Debug|Any CPU
		{5088FF24-08AD-4298-84A0-44EC3500814A}.Debug|Any CPU.Build.0 = Debug|Any CPU
		{5088FF24-08AD-4298-84A0-44EC3500814A}.Release|Any CPU.ActiveCfg = Release|Any CPU
		{5088FF24-08AD-4298-84A0-44EC3500814A}.Release|Any CPU.Build.0 = Release|Any CPU
		{70C132B1-49C8-4C84-AAB4-6C7922675AC4}.Debug|Any CPU.ActiveCfg = Debug|Any CPU
		{70C132B1-49C8-4C84-AAB4-6C7922675AC4}.Debug|Any CPU.Build.0 = Debug|Any CPU
		{70C132B1-49C8-4C84-AAB4-6C7922675AC4}.Release|Any CPU.ActiveCfg = Release|Any CPU
		{70C132B1-49C8-4C84-AAB4-6C7922675AC4}.Release|Any CPU.Build.0 = Release|Any CPU
		{3AB257A5-BBCC-42F5-A611-FE3C022425BD}.Debug|Any CPU.ActiveCfg = Debug|Any CPU
		{3AB257A5-BBCC-42F5-A611-FE3C022425BD}.Debug|Any CPU.Build.0 = Debug|Any CPU
		{3AB257A5-BBCC-42F5-A611-FE3C022425BD}.Release|Any CPU.ActiveCfg = Release|Any CPU
		{3AB257A5-BBCC-42F5-A611-FE3C022425BD}.Release|Any CPU.Build.0 = Release|Any CPU
		{B86CF980-EDFB-47A6-99F1-3324417F80D3}.Debug|Any CPU.ActiveCfg = Debug|Any CPU
		{B86CF980-EDFB-47A6-99F1-3324417F80D3}.Debug|Any CPU.Build.0 = Debug|Any CPU
		{B86CF980-EDFB-47A6-99F1-3324417F80D3}.Release|Any CPU.ActiveCfg = Release|Any CPU
		{B86CF980-EDFB-47A6-99F1-3324417F80D3}.Release|Any CPU.Build.0 = Release|Any CPU
		{EDEA8EEF-D4F4-414D-B624-8C54F7DB416C}.Debug|Any CPU.ActiveCfg = Debug|Any CPU
		{EDEA8EEF-D4F4-414D-B624-8C54F7DB416C}.Debug|Any CPU.Build.0 = Debug|Any CPU
		{EDEA8EEF-D4F4-414D-B624-8C54F7DB416C}.Release|Any CPU.ActiveCfg = Release|Any CPU
		{EDEA8EEF-D4F4-414D-B624-8C54F7DB416C}.Release|Any CPU.Build.0 = Release|Any CPU
		{CC45FF71-2E97-4C36-BBE1-4BE7C2E1AE95}.Debug|Any CPU.ActiveCfg = Debug|Any CPU
		{CC45FF71-2E97-4C36-BBE1-4BE7C2E1AE95}.Debug|Any CPU.Build.0 = Debug|Any CPU
		{CC45FF71-2E97-4C36-BBE1-4BE7C2E1AE95}.Release|Any CPU.ActiveCfg = Release|Any CPU
		{CC45FF71-2E97-4C36-BBE1-4BE7C2E1AE95}.Release|Any CPU.Build.0 = Release|Any CPU
		{EB372EBC-D6E4-4DB3-9CCF-56A0E54C1044}.Debug|Any CPU.ActiveCfg = Debug|Any CPU
		{EB372EBC-D6E4-4DB3-9CCF-56A0E54C1044}.Debug|Any CPU.Build.0 = Debug|Any CPU
		{EB372EBC-D6E4-4DB3-9CCF-56A0E54C1044}.Release|Any CPU.ActiveCfg = Release|Any CPU
		{EB372EBC-D6E4-4DB3-9CCF-56A0E54C1044}.Release|Any CPU.Build.0 = Release|Any CPU
		{2EF0B107-B9C7-4230-9DEF-B58DDD85C9B1}.Debug|Any CPU.ActiveCfg = Debug|Any CPU
		{2EF0B107-B9C7-4230-9DEF-B58DDD85C9B1}.Debug|Any CPU.Build.0 = Debug|Any CPU
		{2EF0B107-B9C7-4230-9DEF-B58DDD85C9B1}.Release|Any CPU.ActiveCfg = Release|Any CPU
		{2EF0B107-B9C7-4230-9DEF-B58DDD85C9B1}.Release|Any CPU.Build.0 = Release|Any CPU
		{BF494AF0-CA13-4099-AC31-0D2629D8FD61}.Debug|Any CPU.ActiveCfg = Debug|Any CPU
		{BF494AF0-CA13-4099-AC31-0D2629D8FD61}.Debug|Any CPU.Build.0 = Debug|Any CPU
		{BF494AF0-CA13-4099-AC31-0D2629D8FD61}.Release|Any CPU.ActiveCfg = Release|Any CPU
		{BF494AF0-CA13-4099-AC31-0D2629D8FD61}.Release|Any CPU.Build.0 = Release|Any CPU
		{D8B6D71A-DEBF-474E-83F6-BCED9CF883A3}.Debug|Any CPU.ActiveCfg = Debug|Any CPU
		{D8B6D71A-DEBF-474E-83F6-BCED9CF883A3}.Debug|Any CPU.Build.0 = Debug|Any CPU
		{D8B6D71A-DEBF-474E-83F6-BCED9CF883A3}.Release|Any CPU.ActiveCfg = Release|Any CPU
		{D8B6D71A-DEBF-474E-83F6-BCED9CF883A3}.Release|Any CPU.Build.0 = Release|Any CPU
		{A9253180-817C-436A-9BBE-904BF42C76A1}.Debug|Any CPU.ActiveCfg = Debug|Any CPU
		{A9253180-817C-436A-9BBE-904BF42C76A1}.Debug|Any CPU.Build.0 = Debug|Any CPU
		{A9253180-817C-436A-9BBE-904BF42C76A1}.Release|Any CPU.ActiveCfg = Release|Any CPU
		{A9253180-817C-436A-9BBE-904BF42C76A1}.Release|Any CPU.Build.0 = Release|Any CPU
		{D5E23A23-8918-4865-81DE-A811AE81FE69}.Debug|Any CPU.ActiveCfg = Debug|Any CPU
		{D5E23A23-8918-4865-81DE-A811AE81FE69}.Debug|Any CPU.Build.0 = Debug|Any CPU
		{D5E23A23-8918-4865-81DE-A811AE81FE69}.Release|Any CPU.ActiveCfg = Release|Any CPU
		{D5E23A23-8918-4865-81DE-A811AE81FE69}.Release|Any CPU.Build.0 = Release|Any CPU
		{D4A30A04-19E9-4BD1-8A71-6D784C42BD83}.Debug|Any CPU.ActiveCfg = Debug|Any CPU
		{D4A30A04-19E9-4BD1-8A71-6D784C42BD83}.Debug|Any CPU.Build.0 = Debug|Any CPU
		{D4A30A04-19E9-4BD1-8A71-6D784C42BD83}.Release|Any CPU.ActiveCfg = Release|Any CPU
		{D4A30A04-19E9-4BD1-8A71-6D784C42BD83}.Release|Any CPU.Build.0 = Release|Any CPU
	EndGlobalSection
	GlobalSection(NestedProjects) = preSolution
		{4C93AFCD-27E0-45B8-A9AB-A3310F1A403E} = {E0DC87F7-0E57-4671-ADBB-8968228DFA57}
		{5088FF24-08AD-4298-84A0-44EC3500814A} = {E0DC87F7-0E57-4671-ADBB-8968228DFA57}
		{70C132B1-49C8-4C84-AAB4-6C7922675AC4} = {E0DC87F7-0E57-4671-ADBB-8968228DFA57}
		{88BB1256-5C73-44DE-8CAE-5310A2380657} = {E0DC87F7-0E57-4671-ADBB-8968228DFA57}
		{3AB257A5-BBCC-42F5-A611-FE3C022425BD} = {48A1364D-1F78-4995-A20D-BDA109D7688A}
		{B86CF980-EDFB-47A6-99F1-3324417F80D3} = {48A1364D-1F78-4995-A20D-BDA109D7688A}
		{EB372EBC-D6E4-4DB3-9CCF-56A0E54C1044} = {AAE12DAE-9BEC-4B34-96D8-A2A8E2BB90B6}
		{6D65F224-3AFD-482C-95CA-3881A835CB46} = {AAE12DAE-9BEC-4B34-96D8-A2A8E2BB90B6}
		{80B5AE13-B3F9-47BD-8A40-B96DB0C3EA53} = {6D65F224-3AFD-482C-95CA-3881A835CB46}
		{EDEA8EEF-D4F4-414D-B624-8C54F7DB416C} = {80B5AE13-B3F9-47BD-8A40-B96DB0C3EA53}
		{CC45FF71-2E97-4C36-BBE1-4BE7C2E1AE95} = {80B5AE13-B3F9-47BD-8A40-B96DB0C3EA53}
		{92731206-B63D-413D-B22B-C60179A3CAFB} = {6D65F224-3AFD-482C-95CA-3881A835CB46}
		{BF494AF0-CA13-4099-AC31-0D2629D8FD61} = {92731206-B63D-413D-B22B-C60179A3CAFB}
		{A9253180-817C-436A-9BBE-904BF42C76A1} = {92731206-B63D-413D-B22B-C60179A3CAFB}
		{D8B6D71A-DEBF-474E-83F6-BCED9CF883A3} = {92731206-B63D-413D-B22B-C60179A3CAFB}
		{3AE2ACA0-5330-45F6-9687-BF7E025D2195} = {6D65F224-3AFD-482C-95CA-3881A835CB46}
		{2EF0B107-B9C7-4230-9DEF-B58DDD85C9B1} = {3AE2ACA0-5330-45F6-9687-BF7E025D2195}
		{D5E23A23-8918-4865-81DE-A811AE81FE69} = {3AE2ACA0-5330-45F6-9687-BF7E025D2195}
		{D4A30A04-19E9-4BD1-8A71-6D784C42BD83} = {92731206-B63D-413D-B22B-C60179A3CAFB}
	EndGlobalSection
EndGlobal
